
Microsoft Visual Studio Solution File, Format Version 12.00
# Visual Studio Version 17
VisualStudioVersion = 17.14.36518.9 d17.14
MinimumVisualStudioVersion = 10.0.40219.1
Project("{FAE04EC0-301F-11D3-BF4B-00C04F79EFBC}") = "SG.IOC", "SG.IOC\SG.IOC.csproj", "{D60AA631-05DC-45F5-8262-9AC8B0EE79D1}"
EndProject
Project("{FAE04EC0-301F-11D3-BF4B-00C04F79EFBC}") = "SGA.Application", "SGA.Application\SGA.Application.csproj", "{0ADE6637-2B69-42B9-A1D5-8BDE212B6158}"
EndProject
Project("{FAE04EC0-301F-11D3-BF4B-00C04F79EFBC}") = "SGA.Domain", "SGA.Domain\SGA.Domain.csproj", "{E7F9036B-24A5-4071-A48C-8F8E3E5B88F2}"
EndProject
Project("{FAE04EC0-301F-11D3-BF4B-00C04F79EFBC}") = "SGA.Infrastructure", "SGA.Infrastructure\SGA.Infrastructure.csproj", "{9ADA96B2-077B-4874-9FAC-9E13D46638D4}"
EndProject
Project("{FAE04EC0-301F-11D3-BF4B-00C04F79EFBC}") = "SGA.Model", "SGA.Model\SGA.Model.csproj", "{F80964A7-5DB3-4E71-A074-314C075518BA}"
EndProject
Project("{FAE04EC0-301F-11D3-BF4B-00C04F79EFBC}") = "SGA.Persistence", "SGA.Persistence\SGA.Persistence.csproj", "{A1F2A459-F07D-4B46-B3E0-6105F4C07D86}"
EndProject
Project("{2150E333-8FDC-42A3-9474-1A3956D46DE8}") = "API", "API", "{02EA681E-C7D8-13C7-8484-4AC65E1B71E8}"
EndProject
Project("{FAE04EC0-301F-11D3-BF4B-00C04F79EFBC}") = "SGA.Api", "SGA.Api\SGA.Api.csproj", "{4FB3E6F6-21B5-443A-9876-72EECD4554B7}"
EndProject
Project("{2150E333-8FDC-42A3-9474-1A3956D46DE8}") = "Application", "Application", "{B7216E12-AE00-4AD0-86CC-6DA9C73FDFFF}"
EndProject
Project("{2150E333-8FDC-42A3-9474-1A3956D46DE8}") = "IOC", "IOC", "{5EE7438D-3A22-49E5-BB85-FAB598453965}"
EndProject
Project("{2150E333-8FDC-42A3-9474-1A3956D46DE8}") = "Core", "Core", "{9986DCE5-5C56-47ED-AFCB-FEAC3DE48638}"
EndProject
Project("{2150E333-8FDC-42A3-9474-1A3956D46DE8}") = "Infrastructure", "Infrastructure", "{29416CB4-A79E-489B-B77E-2825609A0B9E}"
EndProject
Project("{FAE04EC0-301F-11D3-BF4B-00C04F79EFBC}") = "SGA.Application.Test", "SGA.Application.Test\SGA.Application.Test.csproj", "{BD0D1EBC-A725-4C32-848E-C157B81C2DC1}"
EndProject
Project("{FAE04EC0-301F-11D3-BF4B-00C04F79EFBC}") = "SGA.Persistence.Test", "SGA.Persistence.Test\SGA.Persistence.Test.csproj", "{35CFEEF3-BBE2-4DE5-A28A-E9489D6BA543}"
EndProject
Project("{FAE04EC0-301F-11D3-BF4B-00C04F79EFBC}") = "SGA.Web", "SGA.Web\SGA.Web.csproj", "{B8976B93-1122-47EE-A8CA-2AED5251C666}"
EndProject
Project("{2150E333-8FDC-42A3-9474-1A3956D46DE8}") = "WEB", "WEB", "{0744D1E4-0487-4CB8-9FB0-DEA59BA76AA5}"
EndProject
Project("{2150E333-8FDC-42A3-9474-1A3956D46DE8}") = "Test", "Test", "{972F32B5-111E-41B1-A728-69791A391551}"
EndProject
Global
	GlobalSection(SolutionConfigurationPlatforms) = preSolution
		Debug|Any CPU = Debug|Any CPU
		Release|Any CPU = Release|Any CPU
	EndGlobalSection
	GlobalSection(ProjectConfigurationPlatforms) = postSolution
		{D60AA631-05DC-45F5-8262-9AC8B0EE79D1}.Debug|Any CPU.ActiveCfg = Debug|Any CPU
		{D60AA631-05DC-45F5-8262-9AC8B0EE79D1}.Debug|Any CPU.Build.0 = Debug|Any CPU
		{D60AA631-05DC-45F5-8262-9AC8B0EE79D1}.Release|Any CPU.ActiveCfg = Release|Any CPU
		{D60AA631-05DC-45F5-8262-9AC8B0EE79D1}.Release|Any CPU.Build.0 = Release|Any CPU
		{0ADE6637-2B69-42B9-A1D5-8BDE212B6158}.Debug|Any CPU.ActiveCfg = Debug|Any CPU
		{0ADE6637-2B69-42B9-A1D5-8BDE212B6158}.Debug|Any CPU.Build.0 = Debug|Any CPU
		{0ADE6637-2B69-42B9-A1D5-8BDE212B6158}.Release|Any CPU.ActiveCfg = Release|Any CPU
		{0ADE6637-2B69-42B9-A1D5-8BDE212B6158}.Release|Any CPU.Build.0 = Release|Any CPU
		{E7F9036B-24A5-4071-A48C-8F8E3E5B88F2}.Debug|Any CPU.ActiveCfg = Debug|Any CPU
		{E7F9036B-24A5-4071-A48C-8F8E3E5B88F2}.Debug|Any CPU.Build.0 = Debug|Any CPU
		{E7F9036B-24A5-4071-A48C-8F8E3E5B88F2}.Release|Any CPU.ActiveCfg = Release|Any CPU
		{E7F9036B-24A5-4071-A48C-8F8E3E5B88F2}.Release|Any CPU.Build.0 = Release|Any CPU
		{9ADA96B2-077B-4874-9FAC-9E13D46638D4}.Debug|Any CPU.ActiveCfg = Debug|Any CPU
		{9ADA96B2-077B-4874-9FAC-9E13D46638D4}.Debug|Any CPU.Build.0 = Debug|Any CPU
		{9ADA96B2-077B-4874-9FAC-9E13D46638D4}.Release|Any CPU.ActiveCfg = Release|Any CPU
		{9ADA96B2-077B-4874-9FAC-9E13D46638D4}.Release|Any CPU.Build.0 = Release|Any CPU
		{F80964A7-5DB3-4E71-A074-314C075518BA}.Debug|Any CPU.ActiveCfg = Debug|Any CPU
		{F80964A7-5DB3-4E71-A074-314C075518BA}.Debug|Any CPU.Build.0 = Debug|Any CPU
		{F80964A7-5DB3-4E71-A074-314C075518BA}.Release|Any CPU.ActiveCfg = Release|Any CPU
		{F80964A7-5DB3-4E71-A074-314C075518BA}.Release|Any CPU.Build.0 = Release|Any CPU
		{A1F2A459-F07D-4B46-B3E0-6105F4C07D86}.Debug|Any CPU.ActiveCfg = Debug|Any CPU
		{A1F2A459-F07D-4B46-B3E0-6105F4C07D86}.Debug|Any CPU.Build.0 = Debug|Any CPU
		{A1F2A459-F07D-4B46-B3E0-6105F4C07D86}.Release|Any CPU.ActiveCfg = Release|Any CPU
		{A1F2A459-F07D-4B46-B3E0-6105F4C07D86}.Release|Any CPU.Build.0 = Release|Any CPU
		{4FB3E6F6-21B5-443A-9876-72EECD4554B7}.Debug|Any CPU.ActiveCfg = Debug|Any CPU
		{4FB3E6F6-21B5-443A-9876-72EECD4554B7}.Debug|Any CPU.Build.0 = Debug|Any CPU
		{4FB3E6F6-21B5-443A-9876-72EECD4554B7}.Release|Any CPU.ActiveCfg = Release|Any CPU
		{4FB3E6F6-21B5-443A-9876-72EECD4554B7}.Release|Any CPU.Build.0 = Release|Any CPU
		{BD0D1EBC-A725-4C32-848E-C157B81C2DC1}.Debug|Any CPU.ActiveCfg = Debug|Any CPU
		{BD0D1EBC-A725-4C32-848E-C157B81C2DC1}.Debug|Any CPU.Build.0 = Debug|Any CPU
		{BD0D1EBC-A725-4C32-848E-C157B81C2DC1}.Release|Any CPU.ActiveCfg = Release|Any CPU
		{BD0D1EBC-A725-4C32-848E-C157B81C2DC1}.Release|Any CPU.Build.0 = Release|Any CPU
		{35CFEEF3-BBE2-4DE5-A28A-E9489D6BA543}.Debug|Any CPU.ActiveCfg = Debug|Any CPU
		{35CFEEF3-BBE2-4DE5-A28A-E9489D6BA543}.Debug|Any CPU.Build.0 = Debug|Any CPU
		{35CFEEF3-BBE2-4DE5-A28A-E9489D6BA543}.Release|Any CPU.ActiveCfg = Release|Any CPU
		{35CFEEF3-BBE2-4DE5-A28A-E9489D6BA543}.Release|Any CPU.Build.0 = Release|Any CPU
		{B8976B93-1122-47EE-A8CA-2AED5251C666}.Debug|Any CPU.ActiveCfg = Debug|Any CPU
		{B8976B93-1122-47EE-A8CA-2AED5251C666}.Debug|Any CPU.Build.0 = Debug|Any CPU
		{B8976B93-1122-47EE-A8CA-2AED5251C666}.Release|Any CPU.ActiveCfg = Release|Any CPU
		{B8976B93-1122-47EE-A8CA-2AED5251C666}.Release|Any CPU.Build.0 = Release|Any CPU
	EndGlobalSection
	GlobalSection(SolutionProperties) = preSolution
		HideSolutionNode = FALSE
	EndGlobalSection
	GlobalSection(NestedProjects) = preSolution
		{D60AA631-05DC-45F5-8262-9AC8B0EE79D1} = {5EE7438D-3A22-49E5-BB85-FAB598453965}
		{0ADE6637-2B69-42B9-A1D5-8BDE212B6158} = {B7216E12-AE00-4AD0-86CC-6DA9C73FDFFF}
		{E7F9036B-24A5-4071-A48C-8F8E3E5B88F2} = {9986DCE5-5C56-47ED-AFCB-FEAC3DE48638}
		{9ADA96B2-077B-4874-9FAC-9E13D46638D4} = {29416CB4-A79E-489B-B77E-2825609A0B9E}
		{F80964A7-5DB3-4E71-A074-314C075518BA} = {9986DCE5-5C56-47ED-AFCB-FEAC3DE48638}
		{A1F2A459-F07D-4B46-B3E0-6105F4C07D86} = {29416CB4-A79E-489B-B77E-2825609A0B9E}
		{4FB3E6F6-21B5-443A-9876-72EECD4554B7} = {02EA681E-C7D8-13C7-8484-4AC65E1B71E8}
		{BD0D1EBC-A725-4C32-848E-C157B81C2DC1} = {972F32B5-111E-41B1-A728-69791A391551}
		{35CFEEF3-BBE2-4DE5-A28A-E9489D6BA543} = {972F32B5-111E-41B1-A728-69791A391551}
		{B8976B93-1122-47EE-A8CA-2AED5251C666} = {0744D1E4-0487-4CB8-9FB0-DEA59BA76AA5}
	EndGlobalSection
	GlobalSection(ExtensibilityGlobals) = postSolution
		SolutionGuid = {87C869E4-B361-4F36-9714-262412F1EA21}
	EndGlobalSection
EndGlobal
